
Microsoft Visual Studio Solution File, Format Version 12.00
# Visual Studio Version 16
VisualStudioVersion = 16.0.30711.63
MinimumVisualStudioVersion = 10.0.40219.1
Project("{FAE04EC0-301F-11D3-BF4B-00C04F79EFBC}") = "MapControl", "MapControl\MapControl.csproj", "{B3EECB5B-950A-498C-A7B5-8F81367D2E51}"
EndProject
Global
	GlobalSection(SolutionConfigurationPlatforms) = preSolution
		Debug|Any CPU = Debug|Any CPU
		Release|Any CPU = Release|Any CPU
	EndGlobalSection
	GlobalSection(ProjectConfigurationPlatforms) = postSolution
		{B3EECB5B-950A-498C-A7B5-8F81367D2E51}.Debug|Any CPU.ActiveCfg = Debug|Any CPU
		{B3EECB5B-950A-498C-A7B5-8F81367D2E51}.Debug|Any CPU.Build.0 = Debug|Any CPU
		{B3EECB5B-950A-498C-A7B5-8F81367D2E51}.Release|Any CPU.ActiveCfg = Release|Any CPU
		{B3EECB5B-950A-498C-A7B5-8F81367D2E51}.Release|Any CPU.Build.0 = Release|Any CPU
	EndGlobalSection
	GlobalSection(SolutionProperties) = preSolution
		HideSolutionNode = FALSE
	EndGlobalSection
	GlobalSection(ExtensibilityGlobals) = postSolution
		SolutionGuid = {51B9AEC1-7DBC-45E5-9EE4-5F6AB98C2DF2}
	EndGlobalSection
EndGlobal
